// !$*UTF8*$!
{
	archiveVersion = 1;
	classes = {
	};
	objectVersion = 46;
	objects = {

/* Begin PBXBuildFile section */
		692E5AAF0CDBECE300E0BCB8 /* GRFMapStimTable.m in Sources */ = {isa = PBXBuildFile; fileRef = 692E5AAE0CDBECE300E0BCB8 /* GRFMapStimTable.m */; };
		693BB74215C8005500390101 /* Lablib.framework in Frameworks */ = {isa = PBXBuildFile; fileRef = 693BB74115C8005500390101 /* Lablib.framework */; };
		695982D1080209EB0090B9A6 /* GRFFixGraceState.h in Resources */ = {isa = PBXBuildFile; fileRef = 695982CF080209EB0090B9A6 /* GRFFixGraceState.h */; };
		695982D2080209EB0090B9A6 /* GRFFixGraceState.m in Sources */ = {isa = PBXBuildFile; fileRef = 695982D0080209EB0090B9A6 /* GRFFixGraceState.m */; };
		695C12F709B108880021A27D /* GRFFixateState.m in Sources */ = {isa = PBXBuildFile; fileRef = 695C12F609B108880021A27D /* GRFFixateState.m */; };
		69BDCE44098BD2CA00578E91 /* GRFSpikeController.m in Sources */ = {isa = PBXBuildFile; fileRef = 69F13A6004716CF400F95509 /* GRFSpikeController.m */; };
		69E24E1B07A5C25A00DDC096 /* GaborRFMap.h in Resources */ = {isa = PBXBuildFile; fileRef = 69E247C907A5562500DDC096 /* GaborRFMap.h */; };
		69E24E1C07A5C25B00DDC096 /* GaborRFMap.m in Sources */ = {isa = PBXBuildFile; fileRef = 69E247CA07A5562500DDC096 /* GaborRFMap.m */; };
		69E24E1E07A5C25E00DDC096 /* GRFStimuli.h in Resources */ = {isa = PBXBuildFile; fileRef = 69EAD86F04352E4F00F95509 /* GRFStimuli.h */; };
		69E24E1F07A5C25F00DDC096 /* GRFStimuli.m in Sources */ = {isa = PBXBuildFile; fileRef = 69EAD87004352E4F00F95509 /* GRFStimuli.m */; };
		69E24E2107A5C27000DDC096 /* GRFBehaviorController.h in Resources */ = {isa = PBXBuildFile; fileRef = 690B798D047ADA9F00A80164 /* GRFBehaviorController.h */; };
		69E24E2207A5C27100DDC096 /* GRFBehaviorController.m in Sources */ = {isa = PBXBuildFile; fileRef = 690B798E047ADA9F00A80164 /* GRFBehaviorController.m */; };
		69E24E2307A5C27200DDC096 /* GRFEyeXYController.h in Resources */ = {isa = PBXBuildFile; fileRef = 69E96F8D0472CC5C00F95509 /* GRFEyeXYController.h */; };
		69E24E2407A5C27200DDC096 /* GRFEyeXYController.m in Sources */ = {isa = PBXBuildFile; fileRef = 69E96F8E0472CC5C00F95509 /* GRFEyeXYController.m */; };
		69E24E2507A5C27300DDC096 /* GRFSpikeController.h in Resources */ = {isa = PBXBuildFile; fileRef = 69F13A5F04716CF400F95509 /* GRFSpikeController.h */; };
		69E24E2707A5C27400DDC096 /* GRFSummaryController.h in Resources */ = {isa = PBXBuildFile; fileRef = 69B9AE720482FBDD00F95509 /* GRFSummaryController.h */; };
		69E24E2807A5C27600DDC096 /* GRFSummaryController.m in Sources */ = {isa = PBXBuildFile; fileRef = 69B9AE730482FBDD00F95509 /* GRFSummaryController.m */; };
		69E24E2907A5C27700DDC096 /* GRFXTController.h in Resources */ = {isa = PBXBuildFile; fileRef = 69B5A7CA0471DBA300F95509 /* GRFXTController.h */; };
		69E24E2A07A5C27800DDC096 /* GRFXTController.m in Sources */ = {isa = PBXBuildFile; fileRef = 69B5A7CB0471DBA300F95509 /* GRFXTController.m */; };
		69E24E2D07A5C29700DDC096 /* GRFStateSystem.h in Resources */ = {isa = PBXBuildFile; fileRef = 694879F10486AA2000FE06D7 /* GRFStateSystem.h */; };
		69E24E2E07A5C29800DDC096 /* GRFStateSystem.m in Sources */ = {isa = PBXBuildFile; fileRef = 694879F20486AA2000FE06D7 /* GRFStateSystem.m */; };
		69E24E2F07A5C29900DDC096 /* GRFBlockedState.h in Resources */ = {isa = PBXBuildFile; fileRef = 69E8A0480486D97300FE06D7 /* GRFBlockedState.h */; };
		69E24E3007A5C29A00DDC096 /* GRFBlockedState.m in Sources */ = {isa = PBXBuildFile; fileRef = 69E8A0490486D97300FE06D7 /* GRFBlockedState.m */; };
		69E24E3107A5C29B00DDC096 /* GRFEndtrialState.h in Resources */ = {isa = PBXBuildFile; fileRef = 69E8A0400486D3B700FE06D7 /* GRFEndtrialState.h */; };
		69E24E3207A5C29B00DDC096 /* GRFEndtrialState.m in Sources */ = {isa = PBXBuildFile; fileRef = 69E8A0410486D3B700FE06D7 /* GRFEndtrialState.m */; };
		69E24E3307A5C29C00DDC096 /* GRFFixonState.h in Resources */ = {isa = PBXBuildFile; fileRef = 69E8A04C0486DB1300FE06D7 /* GRFFixonState.h */; };
		69E24E3407A5C29D00DDC096 /* GRFFixonState.m in Sources */ = {isa = PBXBuildFile; fileRef = 69E8A04D0486DB1300FE06D7 /* GRFFixonState.m */; };
		69E24E3707A5C29F00DDC096 /* GRFIdleState.h in Resources */ = {isa = PBXBuildFile; fileRef = 694879FD0486B06A00FE06D7 /* GRFIdleState.h */; };
		69E24E3807A5C2A000DDC096 /* GRFIdleState.m in Sources */ = {isa = PBXBuildFile; fileRef = 694879FE0486B06A00FE06D7 /* GRFIdleState.m */; };
		69E24E3907A5C2A000DDC096 /* GRFIntertrialState.h in Resources */ = {isa = PBXBuildFile; fileRef = 6983253D0486BE9600FE06D7 /* GRFIntertrialState.h */; };
		69E24E3A07A5C2A100DDC096 /* GRFIntertrialState.m in Sources */ = {isa = PBXBuildFile; fileRef = 6983253E0486BE9600FE06D7 /* GRFIntertrialState.m */; };
		69E24E3B07A5C2A200DDC096 /* GRFStimulate.h in Resources */ = {isa = PBXBuildFile; fileRef = 69E8A05C0486F0A700FE06D7 /* GRFStimulate.h */; };
		69E24E3C07A5C2A300DDC096 /* GRFStimulate.m in Sources */ = {isa = PBXBuildFile; fileRef = 69E8A05D0486F0A700FE06D7 /* GRFStimulate.m */; };
		69E24E4307A5C2AC00DDC096 /* GRFReactState.h in Resources */ = {isa = PBXBuildFile; fileRef = 69E8A0640486F23700FE06D7 /* GRFReactState.h */; };
		69E24E4407A5C2AC00DDC096 /* GRFReactState.m in Sources */ = {isa = PBXBuildFile; fileRef = 69E8A0650486F23700FE06D7 /* GRFReactState.m */; };
		69E24E4507A5C2AD00DDC096 /* GRFSaccadeState.h in Resources */ = {isa = PBXBuildFile; fileRef = 69F443A305DEE56D000705E2 /* GRFSaccadeState.h */; };
		69E24E4607A5C2AE00DDC096 /* GRFSaccadeState.m in Sources */ = {isa = PBXBuildFile; fileRef = 69F443A405DEE56D000705E2 /* GRFSaccadeState.m */; };
		69E24E4907A5C2B000DDC096 /* GRFStarttrialState.h in Resources */ = {isa = PBXBuildFile; fileRef = 69E8A0440486D59800FE06D7 /* GRFStarttrialState.h */; };
		69E24E4A07A5C2B000DDC096 /* GRFStarttrialState.m in Sources */ = {isa = PBXBuildFile; fileRef = 69E8A0450486D59800FE06D7 /* GRFStarttrialState.m */; };
		69E24E4B07A5C2B100DDC096 /* GRFStopState.h in Resources */ = {isa = PBXBuildFile; fileRef = 694879F90486AF9300FE06D7 /* GRFStopState.h */; };
		69E24E4C07A5C2B200DDC096 /* GRFStopState.m in Sources */ = {isa = PBXBuildFile; fileRef = 694879FA0486AF9300FE06D7 /* GRFStopState.m */; };
		69E24E4F07A5C2BB00DDC096 /* GaborRFMap_Prefix.h in Resources */ = {isa = PBXBuildFile; fileRef = 69E247A107A5527C00DDC096 /* GaborRFMap_Prefix.h */; };
		69E24E5007A5C2BC00DDC096 /* GRF.h in Resources */ = {isa = PBXBuildFile; fileRef = 69E247A207A5527C00DDC096 /* GRF.h */; };
		69E24E5107A5C2BD00DDC096 /* main.m in Sources */ = {isa = PBXBuildFile; fileRef = 29B97316FDCFA39411CA2CEA /* main.m */; };
		69E24E5207A5C2BD00DDC096 /* UtilityFunctions.h in Resources */ = {isa = PBXBuildFile; fileRef = 69E7FC6E04DBE6EF00F95507 /* UtilityFunctions.h */; };
		69E24E5307A5C2BE00DDC096 /* UtilityFunctions.m in Sources */ = {isa = PBXBuildFile; fileRef = 69975550043E645C00F95509 /* UtilityFunctions.m */; };
		69E24E5407A5C2C300DDC096 /* InfoPlist.strings in Resources */ = {isa = PBXBuildFile; fileRef = 089C165CFE840E0CC02AAC07 /* InfoPlist.strings */; };
		69E24E5507A5C2C400DDC096 /* GaborRFMap.nib in Resources */ = {isa = PBXBuildFile; fileRef = 29B97318FDCFA39411CA2CEA /* GaborRFMap.nib */; };
		69E24E5607A5C2C500DDC096 /* GRFBehaviorController.nib in Resources */ = {isa = PBXBuildFile; fileRef = 69B5A7C70471D9E400F95509 /* GRFBehaviorController.nib */; };
		69E24E5707A5C2C500DDC096 /* GRFEyeXYController.nib in Resources */ = {isa = PBXBuildFile; fileRef = 69E96F950472CCC300F95509 /* GRFEyeXYController.nib */; };
		69E24E5807A5C2C700DDC096 /* GRFSpikeController.nib in Resources */ = {isa = PBXBuildFile; fileRef = 69F13A6304716D0D00F95509 /* GRFSpikeController.nib */; };
		69E24E5A07A5C2C900DDC096 /* GRFSummaryController.nib in Resources */ = {isa = PBXBuildFile; fileRef = 69B9AE6F0482FB9F00F95509 /* GRFSummaryController.nib */; };
		69E24E5B07A5C2C900DDC096 /* GRFXTController.nib in Resources */ = {isa = PBXBuildFile; fileRef = 690B7991047ADABA00A80164 /* GRFXTController.nib */; };
		69E24E5C07A5C2D100DDC096 /* UserDefaults.plist in Resources */ = {isa = PBXBuildFile; fileRef = 696D8C8A075D683B0057453A /* UserDefaults.plist */; };
		69E24E5E07A5C2E100DDC096 /* Cocoa.framework in Frameworks */ = {isa = PBXBuildFile; fileRef = 1058C7A1FEA54F0111CA2CBB /* Cocoa.framework */; };
		69E24E6207A5C2E200DDC096 /* OpenGL.framework in Frameworks */ = {isa = PBXBuildFile; fileRef = E7A443DD0132ED6B0ACA2124 /* OpenGL.framework */; };
		69E24E7407A5C34300DDC096 /* AppKit.framework in Frameworks */ = {isa = PBXBuildFile; fileRef = 29B97324FDCFA39411CA2CEA /* AppKit.framework */; };
		69E24F0907A5C34400DDC096 /* Foundation.framework in Frameworks */ = {isa = PBXBuildFile; fileRef = 29B97325FDCFA39411CA2CEA /* Foundation.framework */; };
		7CDAE31B172085520051D41E /* GRFUtilities.m in Sources */ = {isa = PBXBuildFile; fileRef = 7CDAE31A172085520051D41E /* GRFUtilities.m */; };
		AF0220F80B37000B0029778E /* GRFTooFastState.m in Sources */ = {isa = PBXBuildFile; fileRef = AF0220F70B37000B0029778E /* GRFTooFastState.m */; };
		AFCACCF80B9D2F610033D226 /* GRFRoundToStimCycle.m in Sources */ = {isa = PBXBuildFile; fileRef = AFCACCF70B9D2F610033D226 /* GRFRoundToStimCycle.m */; };
		FC1EC3730F5F3E6300C95582 /* GRFDigitalOut.m in Sources */ = {isa = PBXBuildFile; fileRef = FC1EC3720F5F3E6300C95582 /* GRFDigitalOut.m */; };
		FCCE5D140CC7BE8200E610EE /* GRFStimulusMapping.nib in Resources */ = {isa = PBXBuildFile; fileRef = FCCE5D120CC7BE8200E610EE /* GRFStimulusMapping.nib */; };
/* End PBXBuildFile section */

/* Begin PBXFileReference section */
		089C165DFE840E0CC02AAC07 /* English */ = {isa = PBXFileReference; fileEncoding = 10; lastKnownFileType = text.plist.strings; name = English; path = English.lproj/InfoPlist.strings; sourceTree = "<group>"; };
		1058C7A1FEA54F0111CA2CBB /* Cocoa.framework */ = {isa = PBXFileReference; lastKnownFileType = wrapper.framework; name = Cocoa.framework; path = /System/Library/Frameworks/Cocoa.framework; sourceTree = "<absolute>"; };
		29B97316FDCFA39411CA2CEA /* main.m */ = {isa = PBXFileReference; fileEncoding = 30; lastKnownFileType = sourcecode.c.objc; path = main.m; sourceTree = "<group>"; };
		29B97319FDCFA39411CA2CEA /* English */ = {isa = PBXFileReference; lastKnownFileType = wrapper.nib; name = English; path = English.lproj/GaborRFMap.nib; sourceTree = "<group>"; };
		29B97324FDCFA39411CA2CEA /* AppKit.framework */ = {isa = PBXFileReference; lastKnownFileType = wrapper.framework; name = AppKit.framework; path = /System/Library/Frameworks/AppKit.framework; sourceTree = "<absolute>"; };
		29B97325FDCFA39411CA2CEA /* Foundation.framework */ = {isa = PBXFileReference; lastKnownFileType = wrapper.framework; name = Foundation.framework; path = /System/Library/Frameworks/Foundation.framework; sourceTree = "<absolute>"; };
		690B798D047ADA9F00A80164 /* GRFBehaviorController.h */ = {isa = PBXFileReference; fileEncoding = 30; lastKnownFileType = sourcecode.c.h; path = GRFBehaviorController.h; sourceTree = "<group>"; };
		690B798E047ADA9F00A80164 /* GRFBehaviorController.m */ = {isa = PBXFileReference; fileEncoding = 30; lastKnownFileType = sourcecode.c.objc; path = GRFBehaviorController.m; sourceTree = "<group>"; };
		690B7992047ADABA00A80164 /* English */ = {isa = PBXFileReference; lastKnownFileType = wrapper.nib; name = English; path = English.lproj/GRFXTController.nib; sourceTree = "<group>"; };
		692E5AAD0CDBECE300E0BCB8 /* GRFMapStimTable.h */ = {isa = PBXFileReference; fileEncoding = 4; lastKnownFileType = sourcecode.c.h; path = GRFMapStimTable.h; sourceTree = "<group>"; };
		692E5AAE0CDBECE300E0BCB8 /* GRFMapStimTable.m */ = {isa = PBXFileReference; fileEncoding = 4; lastKnownFileType = sourcecode.c.objc; path = GRFMapStimTable.m; sourceTree = "<group>"; };
		693BB74115C8005500390101 /* Lablib.framework */ = {isa = PBXFileReference; lastKnownFileType = wrapper.framework; name = Lablib.framework; path = ../../../../Documents/Lablib/Frameworks/Lablib/build/Development/Lablib.framework; sourceTree = "<group>"; };
		694879F10486AA2000FE06D7 /* GRFStateSystem.h */ = {isa = PBXFileReference; fileEncoding = 4; lastKnownFileType = sourcecode.c.h; path = GRFStateSystem.h; sourceTree = "<group>"; };
		694879F20486AA2000FE06D7 /* GRFStateSystem.m */ = {isa = PBXFileReference; fileEncoding = 4; lastKnownFileType = sourcecode.c.objc; path = GRFStateSystem.m; sourceTree = "<group>"; };
		694879F90486AF9300FE06D7 /* GRFStopState.h */ = {isa = PBXFileReference; fileEncoding = 4; lastKnownFileType = sourcecode.c.h; path = GRFStopState.h; sourceTree = "<group>"; };
		694879FA0486AF9300FE06D7 /* GRFStopState.m */ = {isa = PBXFileReference; fileEncoding = 4; lastKnownFileType = sourcecode.c.objc; path = GRFStopState.m; sourceTree = "<group>"; };
		694879FD0486B06A00FE06D7 /* GRFIdleState.h */ = {isa = PBXFileReference; fileEncoding = 4; lastKnownFileType = sourcecode.c.h; path = GRFIdleState.h; sourceTree = "<group>"; };
		694879FE0486B06A00FE06D7 /* GRFIdleState.m */ = {isa = PBXFileReference; fileEncoding = 4; lastKnownFileType = sourcecode.c.objc; path = GRFIdleState.m; sourceTree = "<group>"; };
		695982CF080209EB0090B9A6 /* GRFFixGraceState.h */ = {isa = PBXFileReference; fileEncoding = 4; lastKnownFileType = sourcecode.c.h; path = GRFFixGraceState.h; sourceTree = "<group>"; };
		695982D0080209EB0090B9A6 /* GRFFixGraceState.m */ = {isa = PBXFileReference; fileEncoding = 4; lastKnownFileType = sourcecode.c.objc; path = GRFFixGraceState.m; sourceTree = "<group>"; };
		695C12F509B108880021A27D /* GRFFixateState.h */ = {isa = PBXFileReference; fileEncoding = 4; lastKnownFileType = sourcecode.c.h; path = GRFFixateState.h; sourceTree = "<group>"; };
		695C12F609B108880021A27D /* GRFFixateState.m */ = {isa = PBXFileReference; fileEncoding = 4; lastKnownFileType = sourcecode.c.objc; path = GRFFixateState.m; sourceTree = "<group>"; };
		6968EA58059DDD1900E33065 /* Notes.txt */ = {isa = PBXFileReference; fileEncoding = 4; lastKnownFileType = text; path = Notes.txt; sourceTree = "<group>"; };
		696D8C8A075D683B0057453A /* UserDefaults.plist */ = {isa = PBXFileReference; fileEncoding = 30; lastKnownFileType = text.plist.xml; path = UserDefaults.plist; sourceTree = "<group>"; };
		6983253D0486BE9600FE06D7 /* GRFIntertrialState.h */ = {isa = PBXFileReference; fileEncoding = 4; lastKnownFileType = sourcecode.c.h; path = GRFIntertrialState.h; sourceTree = "<group>"; };
		6983253E0486BE9600FE06D7 /* GRFIntertrialState.m */ = {isa = PBXFileReference; fileEncoding = 4; lastKnownFileType = sourcecode.c.objc; path = GRFIntertrialState.m; sourceTree = "<group>"; };
		69975550043E645C00F95509 /* UtilityFunctions.m */ = {isa = PBXFileReference; fileEncoding = 4; lastKnownFileType = sourcecode.c.objc; path = UtilityFunctions.m; sourceTree = "<group>"; };
		69B5A7C80471D9E400F95509 /* English */ = {isa = PBXFileReference; lastKnownFileType = wrapper.nib; name = English; path = English.lproj/GRFBehaviorController.nib; sourceTree = "<group>"; };
		69B5A7CA0471DBA300F95509 /* GRFXTController.h */ = {isa = PBXFileReference; fileEncoding = 30; lastKnownFileType = sourcecode.c.h; path = GRFXTController.h; sourceTree = "<group>"; };
		69B5A7CB0471DBA300F95509 /* GRFXTController.m */ = {isa = PBXFileReference; fileEncoding = 30; lastKnownFileType = sourcecode.c.objc; path = GRFXTController.m; sourceTree = "<group>"; };
		69B9AE700482FB9F00F95509 /* English */ = {isa = PBXFileReference; lastKnownFileType = wrapper.nib; name = English; path = English.lproj/GRFSummaryController.nib; sourceTree = "<group>"; };
		69B9AE720482FBDD00F95509 /* GRFSummaryController.h */ = {isa = PBXFileReference; fileEncoding = 30; lastKnownFileType = sourcecode.c.h; path = GRFSummaryController.h; sourceTree = "<group>"; };
		69B9AE730482FBDD00F95509 /* GRFSummaryController.m */ = {isa = PBXFileReference; fileEncoding = 30; lastKnownFileType = sourcecode.c.objc; path = GRFSummaryController.m; sourceTree = "<group>"; };
		69E247A107A5527C00DDC096 /* GaborRFMap_Prefix.h */ = {isa = PBXFileReference; fileEncoding = 30; lastKnownFileType = sourcecode.c.h; path = GaborRFMap_Prefix.h; sourceTree = "<group>"; };
		69E247A207A5527C00DDC096 /* GRF.h */ = {isa = PBXFileReference; fileEncoding = 30; lastKnownFileType = sourcecode.c.h; path = GRF.h; sourceTree = "<group>"; };
		69E247A907A5529700DDC096 /* Info.plist */ = {isa = PBXFileReference; fileEncoding = 30; lastKnownFileType = text.plist.xml; path = Info.plist; sourceTree = "<group>"; };
		69E247C907A5562500DDC096 /* GaborRFMap.h */ = {isa = PBXFileReference; fileEncoding = 4; lastKnownFileType = sourcecode.c.h; path = GaborRFMap.h; sourceTree = "<group>"; };
		69E247CA07A5562500DDC096 /* GaborRFMap.m */ = {isa = PBXFileReference; fileEncoding = 4; lastKnownFileType = sourcecode.c.objc; path = GaborRFMap.m; sourceTree = "<group>"; };
		69E24E1607A5C21F00DDC096 /* GaborRFMap.plugin */ = {isa = PBXFileReference; explicitFileType = wrapper.cfbundle; includeInIndex = 0; path = GaborRFMap.plugin; sourceTree = BUILT_PRODUCTS_DIR; };
		69E7FC6E04DBE6EF00F95507 /* UtilityFunctions.h */ = {isa = PBXFileReference; fileEncoding = 4; lastKnownFileType = sourcecode.c.h; path = UtilityFunctions.h; sourceTree = "<group>"; };
		69E8A0400486D3B700FE06D7 /* GRFEndtrialState.h */ = {isa = PBXFileReference; fileEncoding = 4; lastKnownFileType = sourcecode.c.h; path = GRFEndtrialState.h; sourceTree = "<group>"; };
		69E8A0410486D3B700FE06D7 /* GRFEndtrialState.m */ = {isa = PBXFileReference; fileEncoding = 4; lastKnownFileType = sourcecode.c.objc; path = GRFEndtrialState.m; sourceTree = "<group>"; };
		69E8A0440486D59800FE06D7 /* GRFStarttrialState.h */ = {isa = PBXFileReference; fileEncoding = 4; lastKnownFileType = sourcecode.c.h; path = GRFStarttrialState.h; sourceTree = "<group>"; };
		69E8A0450486D59800FE06D7 /* GRFStarttrialState.m */ = {isa = PBXFileReference; fileEncoding = 4; lastKnownFileType = sourcecode.c.objc; path = GRFStarttrialState.m; sourceTree = "<group>"; };
		69E8A0480486D97300FE06D7 /* GRFBlockedState.h */ = {isa = PBXFileReference; fileEncoding = 4; lastKnownFileType = sourcecode.c.h; path = GRFBlockedState.h; sourceTree = "<group>"; };
		69E8A0490486D97300FE06D7 /* GRFBlockedState.m */ = {isa = PBXFileReference; fileEncoding = 4; lastKnownFileType = sourcecode.c.objc; path = GRFBlockedState.m; sourceTree = "<group>"; };
		69E8A04C0486DB1300FE06D7 /* GRFFixonState.h */ = {isa = PBXFileReference; fileEncoding = 4; lastKnownFileType = sourcecode.c.h; path = GRFFixonState.h; sourceTree = "<group>"; };
		69E8A04D0486DB1300FE06D7 /* GRFFixonState.m */ = {isa = PBXFileReference; fileEncoding = 4; lastKnownFileType = sourcecode.c.objc; path = GRFFixonState.m; sourceTree = "<group>"; };
		69E8A05C0486F0A700FE06D7 /* GRFStimulate.h */ = {isa = PBXFileReference; fileEncoding = 4; lastKnownFileType = sourcecode.c.h; path = GRFStimulate.h; sourceTree = "<group>"; };
		69E8A05D0486F0A700FE06D7 /* GRFStimulate.m */ = {isa = PBXFileReference; fileEncoding = 4; lastKnownFileType = sourcecode.c.objc; path = GRFStimulate.m; sourceTree = "<group>"; };
		69E8A0640486F23700FE06D7 /* GRFReactState.h */ = {isa = PBXFileReference; fileEncoding = 4; lastKnownFileType = sourcecode.c.h; path = GRFReactState.h; sourceTree = "<group>"; };
		69E8A0650486F23700FE06D7 /* GRFReactState.m */ = {isa = PBXFileReference; fileEncoding = 4; lastKnownFileType = sourcecode.c.objc; path = GRFReactState.m; sourceTree = "<group>"; };
		69E96F8D0472CC5C00F95509 /* GRFEyeXYController.h */ = {isa = PBXFileReference; fileEncoding = 30; lastKnownFileType = sourcecode.c.h; path = GRFEyeXYController.h; sourceTree = "<group>"; };
		69E96F8E0472CC5C00F95509 /* GRFEyeXYController.m */ = {isa = PBXFileReference; fileEncoding = 30; lastKnownFileType = sourcecode.c.objc; path = GRFEyeXYController.m; sourceTree = "<group>"; };
		69E96F960472CCC300F95509 /* English */ = {isa = PBXFileReference; lastKnownFileType = wrapper.nib; name = English; path = English.lproj/GRFEyeXYController.nib; sourceTree = "<group>"; };
		69EAD86F04352E4F00F95509 /* GRFStimuli.h */ = {isa = PBXFileReference; fileEncoding = 30; lastKnownFileType = sourcecode.c.h; path = GRFStimuli.h; sourceTree = "<group>"; };
		69EAD87004352E4F00F95509 /* GRFStimuli.m */ = {isa = PBXFileReference; fileEncoding = 30; lastKnownFileType = sourcecode.c.objc; path = GRFStimuli.m; sourceTree = "<group>"; };
		69F13A5F04716CF400F95509 /* GRFSpikeController.h */ = {isa = PBXFileReference; fileEncoding = 30; lastKnownFileType = sourcecode.c.h; path = GRFSpikeController.h; sourceTree = "<group>"; };
		69F13A6004716CF400F95509 /* GRFSpikeController.m */ = {isa = PBXFileReference; fileEncoding = 30; lastKnownFileType = sourcecode.c.objc; path = GRFSpikeController.m; sourceTree = "<group>"; };
		69F13A6404716D0D00F95509 /* English */ = {isa = PBXFileReference; lastKnownFileType = wrapper.nib; name = English; path = English.lproj/GRFSpikeController.nib; sourceTree = "<group>"; };
		69F443A305DEE56D000705E2 /* GRFSaccadeState.h */ = {isa = PBXFileReference; fileEncoding = 30; lastKnownFileType = sourcecode.c.h; path = GRFSaccadeState.h; sourceTree = "<group>"; };
		69F443A405DEE56D000705E2 /* GRFSaccadeState.m */ = {isa = PBXFileReference; fileEncoding = 30; lastKnownFileType = sourcecode.c.objc; path = GRFSaccadeState.m; sourceTree = "<group>"; };
		7CDAE319172085520051D41E /* GRFUtilities.h */ = {isa = PBXFileReference; fileEncoding = 4; lastKnownFileType = sourcecode.c.h; path = GRFUtilities.h; sourceTree = "<group>"; };
		7CDAE31A172085520051D41E /* GRFUtilities.m */ = {isa = PBXFileReference; fileEncoding = 4; lastKnownFileType = sourcecode.c.objc; path = GRFUtilities.m; sourceTree = "<group>"; };
		AF0220F60B36FFEA0029778E /* GRFTooFastState.h */ = {isa = PBXFileReference; fileEncoding = 30; lastKnownFileType = sourcecode.c.h; path = GRFTooFastState.h; sourceTree = "<group>"; };
		AF0220F70B37000B0029778E /* GRFTooFastState.m */ = {isa = PBXFileReference; fileEncoding = 30; lastKnownFileType = sourcecode.c.objc; path = GRFTooFastState.m; sourceTree = "<group>"; };
		AFCACCF60B9D2F610033D226 /* GRFRoundToStimCycle.h */ = {isa = PBXFileReference; fileEncoding = 4; lastKnownFileType = sourcecode.c.h; path = GRFRoundToStimCycle.h; sourceTree = "<group>"; };
		AFCACCF70B9D2F610033D226 /* GRFRoundToStimCycle.m */ = {isa = PBXFileReference; fileEncoding = 4; lastKnownFileType = sourcecode.c.objc; path = GRFRoundToStimCycle.m; sourceTree = "<group>"; };
		E7A443DD0132ED6B0ACA2124 /* OpenGL.framework */ = {isa = PBXFileReference; lastKnownFileType = wrapper.framework; name = OpenGL.framework; path = /System/Library/Frameworks/OpenGL.framework; sourceTree = "<absolute>"; };
		FC1EC3720F5F3E6300C95582 /* GRFDigitalOut.m */ = {isa = PBXFileReference; fileEncoding = 4; lastKnownFileType = sourcecode.c.objc; path = GRFDigitalOut.m; sourceTree = "<group>"; };
		FC1EC3790F5F3E9800C95582 /* GRFDigitalOut.h */ = {isa = PBXFileReference; fileEncoding = 4; lastKnownFileType = sourcecode.c.h; path = GRFDigitalOut.h; sourceTree = "<group>"; };
		FCCE5D130CC7BE8200E610EE /* English */ = {isa = PBXFileReference; lastKnownFileType = wrapper.nib; name = English; path = English.lproj/GRFStimulusMapping.nib; sourceTree = "<group>"; };
/* End PBXFileReference section */

/* Begin PBXFrameworksBuildPhase section */
		69E24E1407A5C21F00DDC096 /* Frameworks */ = {
			isa = PBXFrameworksBuildPhase;
			buildActionMask = 2147483647;
			files = (
				69E24E5E07A5C2E100DDC096 /* Cocoa.framework in Frameworks */,
				69E24E6207A5C2E200DDC096 /* OpenGL.framework in Frameworks */,
				69E24E7407A5C34300DDC096 /* AppKit.framework in Frameworks */,
				69E24F0907A5C34400DDC096 /* Foundation.framework in Frameworks */,
				693BB74215C8005500390101 /* Lablib.framework in Frameworks */,
			);
			runOnlyForDeploymentPostprocessing = 0;
		};
/* End PBXFrameworksBuildPhase section */

/* Begin PBXGroup section */
		080E96DDFE201D6D7F000001 /* Classes */ = {
			isa = PBXGroup;
			children = (
				696D3833059E19DE0018E5D5 /* Controllers */,
				694879ED0486A83B00FE06D7 /* On-line Display */,
				694879EE0486A85E00FE06D7 /* State System */,
				AFCB086E0B9E0F4600422186 /* Transformers */,
			);
			name = Classes;
			sourceTree = "<group>";
		};
		1058C7A0FEA54F0111CA2CBB /* Linked Frameworks */ = {
			isa = PBXGroup;
			children = (
				1058C7A1FEA54F0111CA2CBB /* Cocoa.framework */,
			);
			name = "Linked Frameworks";
			sourceTree = "<group>";
		};
		1058C7A2FEA54F0111CA2CBB /* Other Frameworks */ = {
			isa = PBXGroup;
			children = (
				693BB74115C8005500390101 /* Lablib.framework */,
				29B97324FDCFA39411CA2CEA /* AppKit.framework */,
				29B97325FDCFA39411CA2CEA /* Foundation.framework */,
				E7A443DD0132ED6B0ACA2124 /* OpenGL.framework */,
			);
			name = "Other Frameworks";
			sourceTree = "<group>";
		};
		19C28FACFE9D520D11CA2CBB /* Products */ = {
			isa = PBXGroup;
			children = (
				69E24E1607A5C21F00DDC096 /* GaborRFMap.plugin */,
			);
			name = Products;
			sourceTree = "<group>";
		};
		29B97314FDCFA39411CA2CEA /* terstes */ = {
			isa = PBXGroup;
			children = (
				6968EA58059DDD1900E33065 /* Notes.txt */,
				080E96DDFE201D6D7F000001 /* Classes */,
				29B97315FDCFA39411CA2CEA /* Other Sources */,
				29B97317FDCFA39411CA2CEA /* Resources */,
				69C1CC640827E43C00A71FDE /* Plists */,
				29B97323FDCFA39411CA2CEA /* Frameworks */,
				19C28FACFE9D520D11CA2CBB /* Products */,
			);
			name = terstes;
			sourceTree = "<group>";
		};
		29B97315FDCFA39411CA2CEA /* Other Sources */ = {
			isa = PBXGroup;
			children = (
				69E247A107A5527C00DDC096 /* GaborRFMap_Prefix.h */,
				69E247A207A5527C00DDC096 /* GRF.h */,
				29B97316FDCFA39411CA2CEA /* main.m */,
				69E7FC6E04DBE6EF00F95507 /* UtilityFunctions.h */,
				69975550043E645C00F95509 /* UtilityFunctions.m */,
				7CDAE319172085520051D41E /* GRFUtilities.h */,
				7CDAE31A172085520051D41E /* GRFUtilities.m */,
			);
			name = "Other Sources";
			sourceTree = "<group>";
		};
		29B97317FDCFA39411CA2CEA /* Resources */ = {
			isa = PBXGroup;
			children = (
				089C165CFE840E0CC02AAC07 /* InfoPlist.strings */,
				29B97318FDCFA39411CA2CEA /* GaborRFMap.nib */,
				69B5A7C70471D9E400F95509 /* GRFBehaviorController.nib */,
				69E96F950472CCC300F95509 /* GRFEyeXYController.nib */,
				69F13A6304716D0D00F95509 /* GRFSpikeController.nib */,
				69B9AE6F0482FB9F00F95509 /* GRFSummaryController.nib */,
				690B7991047ADABA00A80164 /* GRFXTController.nib */,
				FCCE5D120CC7BE8200E610EE /* GRFStimulusMapping.nib */,
			);
			name = Resources;
			sourceTree = "<group>";
		};
		29B97323FDCFA39411CA2CEA /* Frameworks */ = {
			isa = PBXGroup;
			children = (
				1058C7A0FEA54F0111CA2CBB /* Linked Frameworks */,
				1058C7A2FEA54F0111CA2CBB /* Other Frameworks */,
			);
			name = Frameworks;
			sourceTree = "<group>";
		};
		694879ED0486A83B00FE06D7 /* On-line Display */ = {
			isa = PBXGroup;
			children = (
				690B798D047ADA9F00A80164 /* GRFBehaviorController.h */,
				690B798E047ADA9F00A80164 /* GRFBehaviorController.m */,
				69E96F8D0472CC5C00F95509 /* GRFEyeXYController.h */,
				69E96F8E0472CC5C00F95509 /* GRFEyeXYController.m */,
				69F13A5F04716CF400F95509 /* GRFSpikeController.h */,
				69F13A6004716CF400F95509 /* GRFSpikeController.m */,
				69B9AE720482FBDD00F95509 /* GRFSummaryController.h */,
				69B9AE730482FBDD00F95509 /* GRFSummaryController.m */,
				69B5A7CA0471DBA300F95509 /* GRFXTController.h */,
				69B5A7CB0471DBA300F95509 /* GRFXTController.m */,
			);
			name = "On-line Display";
			sourceTree = "<group>";
		};
		694879EE0486A85E00FE06D7 /* State System */ = {
			isa = PBXGroup;
			children = (
				694879F10486AA2000FE06D7 /* GRFStateSystem.h */,
				694879F20486AA2000FE06D7 /* GRFStateSystem.m */,
				69E8A0480486D97300FE06D7 /* GRFBlockedState.h */,
				69E8A0490486D97300FE06D7 /* GRFBlockedState.m */,
				69E8A0400486D3B700FE06D7 /* GRFEndtrialState.h */,
				69E8A0410486D3B700FE06D7 /* GRFEndtrialState.m */,
				695982CF080209EB0090B9A6 /* GRFFixGraceState.h */,
				695982D0080209EB0090B9A6 /* GRFFixGraceState.m */,
				69E8A04C0486DB1300FE06D7 /* GRFFixonState.h */,
				69E8A04D0486DB1300FE06D7 /* GRFFixonState.m */,
				694879FD0486B06A00FE06D7 /* GRFIdleState.h */,
				694879FE0486B06A00FE06D7 /* GRFIdleState.m */,
				6983253D0486BE9600FE06D7 /* GRFIntertrialState.h */,
				6983253E0486BE9600FE06D7 /* GRFIntertrialState.m */,
				695C12F509B108880021A27D /* GRFFixateState.h */,
				695C12F609B108880021A27D /* GRFFixateState.m */,
				69E8A0640486F23700FE06D7 /* GRFReactState.h */,
				69E8A0650486F23700FE06D7 /* GRFReactState.m */,
				69F443A305DEE56D000705E2 /* GRFSaccadeState.h */,
				69F443A405DEE56D000705E2 /* GRFSaccadeState.m */,
				69E8A0440486D59800FE06D7 /* GRFStarttrialState.h */,
				69E8A0450486D59800FE06D7 /* GRFStarttrialState.m */,
				69E8A05C0486F0A700FE06D7 /* GRFStimulate.h */,
				69E8A05D0486F0A700FE06D7 /* GRFStimulate.m */,
				694879F90486AF9300FE06D7 /* GRFStopState.h */,
				694879FA0486AF9300FE06D7 /* GRFStopState.m */,
				AF0220F60B36FFEA0029778E /* GRFTooFastState.h */,
				AF0220F70B37000B0029778E /* GRFTooFastState.m */,
			);
			name = "State System";
			sourceTree = "<group>";
		};
		696D3833059E19DE0018E5D5 /* Controllers */ = {
			isa = PBXGroup;
			children = (
				69E247C907A5562500DDC096 /* GaborRFMap.h */,
				69E247CA07A5562500DDC096 /* GaborRFMap.m */,
				FC1EC3790F5F3E9800C95582 /* GRFDigitalOut.h */,
				FC1EC3720F5F3E6300C95582 /* GRFDigitalOut.m */,
				69EAD86F04352E4F00F95509 /* GRFStimuli.h */,
				69EAD87004352E4F00F95509 /* GRFStimuli.m */,
				692E5AAD0CDBECE300E0BCB8 /* GRFMapStimTable.h */,
				692E5AAE0CDBECE300E0BCB8 /* GRFMapStimTable.m */,
			);
			name = Controllers;
			sourceTree = "<group>";
		};
		69C1CC640827E43C00A71FDE /* Plists */ = {
			isa = PBXGroup;
			children = (
				696D8C8A075D683B0057453A /* UserDefaults.plist */,
				69E247A907A5529700DDC096 /* Info.plist */,
			);
			name = Plists;
			sourceTree = "<group>";
		};
		AFCB086E0B9E0F4600422186 /* Transformers */ = {
			isa = PBXGroup;
			children = (
				AFCACCF60B9D2F610033D226 /* GRFRoundToStimCycle.h */,
				AFCACCF70B9D2F610033D226 /* GRFRoundToStimCycle.m */,
			);
			name = Transformers;
			sourceTree = "<group>";
		};
/* End PBXGroup section */

/* Begin PBXNativeTarget section */
		69E24E1507A5C21F00DDC096 /* GaborRFMap */ = {
			isa = PBXNativeTarget;
			buildConfigurationList = 69B8D0E9088DAADA002FCFD4 /* Build configuration list for PBXNativeTarget "GaborRFMap" */;
			buildPhases = (
				69E24E1207A5C21F00DDC096 /* Resources */,
				69E24E1307A5C21F00DDC096 /* Sources */,
				69E24E1407A5C21F00DDC096 /* Frameworks */,
			);
			buildRules = (
			);
			dependencies = (
			);
			name = GaborRFMap;
			productName = OrientationChange;
			productReference = 69E24E1607A5C21F00DDC096 /* GaborRFMap.plugin */;
			productType = "com.apple.product-type.bundle";
		};
/* End PBXNativeTarget section */

/* Begin PBXProject section */
		29B97313FDCFA39411CA2CEA /* Project object */ = {
			isa = PBXProject;
			attributes = {
				LastUpgradeCheck = 0440;
			};
			buildConfigurationList = 69B8D0ED088DAADA002FCFD4 /* Build configuration list for PBXProject "GaborRFMap" */;
			compatibilityVersion = "Xcode 3.2";
			developmentRegion = English;
			hasScannedForEncodings = 1;
			knownRegions = (
				English,
				Japanese,
				French,
				German,
			);
			mainGroup = 29B97314FDCFA39411CA2CEA /* terstes */;
			projectDirPath = "";
			projectRoot = "";
			targets = (
				69E24E1507A5C21F00DDC096 /* GaborRFMap */,
			);
		};
/* End PBXProject section */

/* Begin PBXResourcesBuildPhase section */
		69E24E1207A5C21F00DDC096 /* Resources */ = {
			isa = PBXResourcesBuildPhase;
			buildActionMask = 2147483647;
			files = (
				69E24E1B07A5C25A00DDC096 /* GaborRFMap.h in Resources */,
				695982D1080209EB0090B9A6 /* GRFFixGraceState.h in Resources */,
				69E24E1E07A5C25E00DDC096 /* GRFStimuli.h in Resources */,
				69E24E2107A5C27000DDC096 /* GRFBehaviorController.h in Resources */,
				69E24E2307A5C27200DDC096 /* GRFEyeXYController.h in Resources */,
				69E24E2507A5C27300DDC096 /* GRFSpikeController.h in Resources */,
				69E24E2707A5C27400DDC096 /* GRFSummaryController.h in Resources */,
				69E24E2907A5C27700DDC096 /* GRFXTController.h in Resources */,
				69E24E2D07A5C29700DDC096 /* GRFStateSystem.h in Resources */,
				69E24E2F07A5C29900DDC096 /* GRFBlockedState.h in Resources */,
				69E24E3107A5C29B00DDC096 /* GRFEndtrialState.h in Resources */,
				69E24E3307A5C29C00DDC096 /* GRFFixonState.h in Resources */,
				69E24E3707A5C29F00DDC096 /* GRFIdleState.h in Resources */,
				69E24E3907A5C2A000DDC096 /* GRFIntertrialState.h in Resources */,
				69E24E3B07A5C2A200DDC096 /* GRFStimulate.h in Resources */,
				69E24E4307A5C2AC00DDC096 /* GRFReactState.h in Resources */,
				69E24E4507A5C2AD00DDC096 /* GRFSaccadeState.h in Resources */,
				69E24E4907A5C2B000DDC096 /* GRFStarttrialState.h in Resources */,
				69E24E4B07A5C2B100DDC096 /* GRFStopState.h in Resources */,
				69E24E4F07A5C2BB00DDC096 /* GaborRFMap_Prefix.h in Resources */,
				69E24E5007A5C2BC00DDC096 /* GRF.h in Resources */,
				69E24E5207A5C2BD00DDC096 /* UtilityFunctions.h in Resources */,
				69E24E5507A5C2C400DDC096 /* GaborRFMap.nib in Resources */,
				69E24E5607A5C2C500DDC096 /* GRFBehaviorController.nib in Resources */,
				69E24E5707A5C2C500DDC096 /* GRFEyeXYController.nib in Resources */,
				69E24E5807A5C2C700DDC096 /* GRFSpikeController.nib in Resources */,
				69E24E5A07A5C2C900DDC096 /* GRFSummaryController.nib in Resources */,
				69E24E5B07A5C2C900DDC096 /* GRFXTController.nib in Resources */,
				FCCE5D140CC7BE8200E610EE /* GRFStimulusMapping.nib in Resources */,
				69E24E5C07A5C2D100DDC096 /* UserDefaults.plist in Resources */,
				69E24E5407A5C2C300DDC096 /* InfoPlist.strings in Resources */,
			);
			runOnlyForDeploymentPostprocessing = 0;
		};
/* End PBXResourcesBuildPhase section */

/* Begin PBXSourcesBuildPhase section */
		69E24E1307A5C21F00DDC096 /* Sources */ = {
			isa = PBXSourcesBuildPhase;
			buildActionMask = 2147483647;
			files = (
				69E24E1C07A5C25B00DDC096 /* GaborRFMap.m in Sources */,
				69E24E1F07A5C25F00DDC096 /* GRFStimuli.m in Sources */,
				69E24E2207A5C27100DDC096 /* GRFBehaviorController.m in Sources */,
				69E24E2407A5C27200DDC096 /* GRFEyeXYController.m in Sources */,
				69E24E2807A5C27600DDC096 /* GRFSummaryController.m in Sources */,
				69E24E2A07A5C27800DDC096 /* GRFXTController.m in Sources */,
				69E24E2E07A5C29800DDC096 /* GRFStateSystem.m in Sources */,
				69E24E3007A5C29A00DDC096 /* GRFBlockedState.m in Sources */,
				69E24E3207A5C29B00DDC096 /* GRFEndtrialState.m in Sources */,
				69E24E3407A5C29D00DDC096 /* GRFFixonState.m in Sources */,
				69E24E3807A5C2A000DDC096 /* GRFIdleState.m in Sources */,
				69E24E3A07A5C2A100DDC096 /* GRFIntertrialState.m in Sources */,
				69E24E3C07A5C2A300DDC096 /* GRFStimulate.m in Sources */,
				69E24E4407A5C2AC00DDC096 /* GRFReactState.m in Sources */,
				69E24E4607A5C2AE00DDC096 /* GRFSaccadeState.m in Sources */,
				69E24E4A07A5C2B000DDC096 /* GRFStarttrialState.m in Sources */,
				69E24E4C07A5C2B200DDC096 /* GRFStopState.m in Sources */,
				69E24E5107A5C2BD00DDC096 /* main.m in Sources */,
				69E24E5307A5C2BE00DDC096 /* UtilityFunctions.m in Sources */,
				695982D2080209EB0090B9A6 /* GRFFixGraceState.m in Sources */,
				69BDCE44098BD2CA00578E91 /* GRFSpikeController.m in Sources */,
				695C12F709B108880021A27D /* GRFFixateState.m in Sources */,
				AF0220F80B37000B0029778E /* GRFTooFastState.m in Sources */,
				AFCACCF80B9D2F610033D226 /* GRFRoundToStimCycle.m in Sources */,
				692E5AAF0CDBECE300E0BCB8 /* GRFMapStimTable.m in Sources */,
				FC1EC3730F5F3E6300C95582 /* GRFDigitalOut.m in Sources */,
				7CDAE31B172085520051D41E /* GRFUtilities.m in Sources */,
			);
			runOnlyForDeploymentPostprocessing = 0;
		};
/* End PBXSourcesBuildPhase section */

/* Begin PBXVariantGroup section */
		089C165CFE840E0CC02AAC07 /* InfoPlist.strings */ = {
			isa = PBXVariantGroup;
			children = (
				089C165DFE840E0CC02AAC07 /* English */,
			);
			name = InfoPlist.strings;
			sourceTree = "<group>";
		};
		29B97318FDCFA39411CA2CEA /* GaborRFMap.nib */ = {
			isa = PBXVariantGroup;
			children = (
				29B97319FDCFA39411CA2CEA /* English */,
			);
			name = GaborRFMap.nib;
			sourceTree = "<group>";
		};
		690B7991047ADABA00A80164 /* GRFXTController.nib */ = {
			isa = PBXVariantGroup;
			children = (
				690B7992047ADABA00A80164 /* English */,
			);
			name = GRFXTController.nib;
			sourceTree = "<group>";
		};
		69B5A7C70471D9E400F95509 /* GRFBehaviorController.nib */ = {
			isa = PBXVariantGroup;
			children = (
				69B5A7C80471D9E400F95509 /* English */,
			);
			name = GRFBehaviorController.nib;
			sourceTree = "<group>";
		};
		69B9AE6F0482FB9F00F95509 /* GRFSummaryController.nib */ = {
			isa = PBXVariantGroup;
			children = (
				69B9AE700482FB9F00F95509 /* English */,
			);
			name = GRFSummaryController.nib;
			sourceTree = "<group>";
		};
		69E96F950472CCC300F95509 /* GRFEyeXYController.nib */ = {
			isa = PBXVariantGroup;
			children = (
				69E96F960472CCC300F95509 /* English */,
			);
			name = GRFEyeXYController.nib;
			sourceTree = "<group>";
		};
		69F13A6304716D0D00F95509 /* GRFSpikeController.nib */ = {
			isa = PBXVariantGroup;
			children = (
				69F13A6404716D0D00F95509 /* English */,
			);
			name = GRFSpikeController.nib;
			sourceTree = "<group>";
		};
		FCCE5D120CC7BE8200E610EE /* GRFStimulusMapping.nib */ = {
			isa = PBXVariantGroup;
			children = (
				FCCE5D130CC7BE8200E610EE /* English */,
			);
			name = GRFStimulusMapping.nib;
			sourceTree = "<group>";
		};
/* End PBXVariantGroup section */

/* Begin XCBuildConfiguration section */
		69B8D0EA088DAADA002FCFD4 /* Development */ = {
			isa = XCBuildConfiguration;
			buildSettings = {
				COMBINE_HIDPI_IMAGES = YES;
				CONFIGURATION_BUILD_DIR = "/Library/Application Support/Knot/Plugins/$(CONFIGURATION)$(EFFECTIVE_PLATFORM_NAME)";
				CONFIGURATION_TEMP_DIR = build;
				COPY_PHASE_STRIP = NO;
				FRAMEWORK_SEARCH_PATHS = (
					"/Documents/Lablib/Frameworks/Lablib/build/**",
					"/Documents/Lablib/Frameworks/LablibITC18/build/**",
				);
				GCC_DYNAMIC_NO_PIC = NO;
				GCC_GENERATE_DEBUGGING_SYMBOLS = YES;
				GCC_OPTIMIZATION_LEVEL = 0;
				GCC_PRECOMPILE_PREFIX_HEADER = YES;
				GCC_PREFIX_HEADER = GaborRFMap_Prefix.h;
				GCC_TREAT_WARNINGS_AS_ERRORS = YES;
				GCC_VERSION = com.apple.compilers.llvm.clang.1_0;
				GCC_WARN_ABOUT_MISSING_PROTOTYPES = YES;
				GCC_WARN_CHECK_SWITCH_STATEMENTS = YES;
				GCC_WARN_TYPECHECK_CALLS_TO_PRINTF = YES;
				GCC_WARN_UNUSED_FUNCTION = YES;
				GCC_WARN_UNUSED_LABEL = YES;
				GCC_WARN_UNUSED_VALUE = YES;
				GCC_WARN_UNUSED_VARIABLE = YES;
				HEADER_SEARCH_PATHS = "";
				INFOPLIST_FILE = Info.plist;
				INSTALL_PATH = "$(USER_LIBRARY_DIR)/Bundles";
				OTHER_CFLAGS = "";
				OTHER_LDFLAGS = (
					"-framework",
					Foundation,
					"-framework",
					AppKit,
				);
				OTHER_REZFLAGS = "";
				PRODUCT_NAME = GaborRFMap;
				SECTORDER_FLAGS = "";
				SKIP_INSTALL = NO;
				SYMROOT = build;
				UNSTRIPPED_PRODUCT = YES;
				WARNING_CFLAGS = (
					"-Wmost",
					"-Wno-four-char-constants",
					"-Wno-unknown-pragmas",
				);
				WRAPPER_EXTENSION = plugin;
				ZERO_LINK = NO;
			};
			name = Development;
		};
		69B8D0EB088DAADA002FCFD4 /* Deployment */ = {
			isa = XCBuildConfiguration;
			buildSettings = {
				COMBINE_HIDPI_IMAGES = YES;
				CONFIGURATION_BUILD_DIR = "/Library/Application Support/Knot/Plugins/$(CONFIGURATION)$(EFFECTIVE_PLATFORM_NAME)";
				CONFIGURATION_TEMP_DIR = build;
				FRAMEWORK_SEARCH_PATHS = (
					"/Documents/Lablib/Frameworks/Lablib/build/**",
					"/Documents/Lablib/Frameworks/LablibITC18/build/**",
				);
				GCC_GENERATE_DEBUGGING_SYMBOLS = NO;
				GCC_PRECOMPILE_PREFIX_HEADER = YES;
				GCC_PREFIX_HEADER = GaborRFMap_Prefix.h;
				GCC_VERSION = com.apple.compilers.llvm.clang.1_0;
				INFOPLIST_FILE = Info.plist;
				INSTALL_PATH = "$(USER_LIBRARY_DIR)/Bundles";
				OTHER_CFLAGS = "";
				OTHER_LDFLAGS = (
					"-framework",
					Foundation,
					"-framework",
					AppKit,
				);
				OTHER_REZFLAGS = "";
				PRODUCT_NAME = GaborRFMap;
				SECTORDER_FLAGS = "";
				SYMROOT = build;
				WARNING_CFLAGS = (
					"-Wmost",
					"-Wno-four-char-constants",
					"-Wno-unknown-pragmas",
				);
				WRAPPER_EXTENSION = plugin;
			};
			name = Deployment;
		};
		69B8D0EC088DAADA002FCFD4 /* Default */ = {
			isa = XCBuildConfiguration;
			buildSettings = {
				COMBINE_HIDPI_IMAGES = YES;
				CONFIGURATION_BUILD_DIR = "/Library/Application Support/Knot/Plugins/$(CONFIGURATION)$(EFFECTIVE_PLATFORM_NAME)";
				CONFIGURATION_TEMP_DIR = build;
				FRAMEWORK_SEARCH_PATHS = (
					"/Documents/Lablib/Frameworks/Lablib/build/**",
					"/Documents/Lablib/Frameworks/LablibITC18/build/**",
				);
				GCC_PRECOMPILE_PREFIX_HEADER = YES;
				GCC_PREFIX_HEADER = GaborRFMap_Prefix.h;
				GCC_VERSION = com.apple.compilers.llvm.clang.1_0;
				INFOPLIST_FILE = Info.plist;
				INSTALL_PATH = "$(USER_LIBRARY_DIR)/Bundles";
				OTHER_CFLAGS = "";
				OTHER_LDFLAGS = (
					"-framework",
					Foundation,
					"-framework",
					AppKit,
				);
				OTHER_REZFLAGS = "";
				PRODUCT_NAME = GaborRFMap;
				SECTORDER_FLAGS = "";
				SYMROOT = build;
				WARNING_CFLAGS = (
					"-Wmost",
					"-Wno-four-char-constants",
					"-Wno-unknown-pragmas",
				);
				WRAPPER_EXTENSION = plugin;
			};
			name = Default;
		};
		69B8D0EE088DAADA002FCFD4 /* Development */ = {
			isa = XCBuildConfiguration;
			buildSettings = {
				ARCHS = "$(ARCHS_STANDARD_32_BIT)";
				FRAMEWORK_SEARCH_PATHS = (
					"/Documents/Lablib/Frameworks/LablibITC18/build/**",
					"/Documents/Lablib/Frameworks/Lablib/build/**",
				);
				GCC_PRECOMPILE_PREFIX_HEADER = YES;
				GCC_PREFIX_HEADER = GaborRFMap_Prefix.h;
				GCC_TREAT_WARNINGS_AS_ERRORS = YES;
				GCC_WARN_ABOUT_MISSING_PROTOTYPES = YES;
				GCC_WARN_ABOUT_RETURN_TYPE = YES;
				GCC_WARN_CHECK_SWITCH_STATEMENTS = YES;
				GCC_WARN_INITIALIZER_NOT_FULLY_BRACKETED = YES;
				GCC_WARN_MISSING_PARENTHESES = YES;
				GCC_WARN_SHADOW = NO;
				GCC_WARN_UNINITIALIZED_AUTOS = NO;
				GCC_WARN_UNKNOWN_PRAGMAS = YES;
				GCC_WARN_UNUSED_FUNCTION = YES;
				GCC_WARN_UNUSED_LABEL = YES;
				GCC_WARN_UNUSED_PARAMETER = NO;
				GCC_WARN_UNUSED_VALUE = YES;
				GCC_WARN_UNUSED_VARIABLE = YES;
				HEADER_SEARCH_PATHS = "";
				LIBRARY_SEARCH_PATHS = "";
				SDKROOT = "";
			};
			name = Development;
		};
		69B8D0EF088DAADA002FCFD4 /* Deployment */ = {
			isa = XCBuildConfiguration;
			buildSettings = {
				FRAMEWORK_SEARCH_PATHS = (
					"/Documents/Lablib/Frameworks/LablibITC18/build/**",
					"/Documents/Lablib/Frameworks/Lablib/build/**",
				);
				GCC_PRECOMPILE_PREFIX_HEADER = YES;
				GCC_PREFIX_HEADER = GaborRFMap_Prefix.h;
				GCC_TREAT_WARNINGS_AS_ERRORS = YES;
				GCC_WARN_ABOUT_MISSING_PROTOTYPES = YES;
				GCC_WARN_ABOUT_RETURN_TYPE = YES;
				GCC_WARN_CHECK_SWITCH_STATEMENTS = YES;
				GCC_WARN_INITIALIZER_NOT_FULLY_BRACKETED = YES;
				GCC_WARN_MISSING_PARENTHESES = YES;
				GCC_WARN_SHADOW = NO;
				GCC_WARN_UNINITIALIZED_AUTOS = NO;
				GCC_WARN_UNKNOWN_PRAGMAS = YES;
				GCC_WARN_UNUSED_FUNCTION = YES;
				GCC_WARN_UNUSED_LABEL = YES;
				GCC_WARN_UNUSED_PARAMETER = NO;
				GCC_WARN_UNUSED_VALUE = YES;
				GCC_WARN_UNUSED_VARIABLE = YES;
				HEADER_SEARCH_PATHS = "";
				LIBRARY_SEARCH_PATHS = "";
			};
			name = Deployment;
		};
		69B8D0F0088DAADA002FCFD4 /* Default */ = {
			isa = XCBuildConfiguration;
			buildSettings = {
				FRAMEWORK_SEARCH_PATHS = (
					"/Documents/Lablib/Frameworks/LablibITC18/build/**",
					"/Documents/Lablib/Frameworks/Lablib/build/**",
				);
				GCC_PRECOMPILE_PREFIX_HEADER = YES;
				GCC_PREFIX_HEADER = GaborRFMap_Prefix.h;
				GCC_TREAT_WARNINGS_AS_ERRORS = YES;
				GCC_WARN_ABOUT_MISSING_PROTOTYPES = YES;
				GCC_WARN_ABOUT_RETURN_TYPE = YES;
				GCC_WARN_CHECK_SWITCH_STATEMENTS = YES;
				GCC_WARN_INITIALIZER_NOT_FULLY_BRACKETED = YES;
				GCC_WARN_MISSING_PARENTHESES = YES;
				GCC_WARN_SHADOW = NO;
				GCC_WARN_UNINITIALIZED_AUTOS = NO;
				GCC_WARN_UNKNOWN_PRAGMAS = YES;
				GCC_WARN_UNUSED_FUNCTION = YES;
				GCC_WARN_UNUSED_LABEL = YES;
				GCC_WARN_UNUSED_PARAMETER = NO;
				GCC_WARN_UNUSED_VALUE = YES;
				GCC_WARN_UNUSED_VARIABLE = YES;
				HEADER_SEARCH_PATHS = "";
				LIBRARY_SEARCH_PATHS = "";
			};
			name = Default;
		};
/* End XCBuildConfiguration section */

/* Begin XCConfigurationList section */
		69B8D0E9088DAADA002FCFD4 /* Build configuration list for PBXNativeTarget "GaborRFMap" */ = {
			isa = XCConfigurationList;
			buildConfigurations = (
				69B8D0EA088DAADA002FCFD4 /* Development */,
				69B8D0EB088DAADA002FCFD4 /* Deployment */,
				69B8D0EC088DAADA002FCFD4 /* Default */,
			);
			defaultConfigurationIsVisible = 0;
			defaultConfigurationName = Default;
		};
		69B8D0ED088DAADA002FCFD4 /* Build configuration list for PBXProject "GaborRFMap" */ = {
			isa = XCConfigurationList;
			buildConfigurations = (
				69B8D0EE088DAADA002FCFD4 /* Development */,
				69B8D0EF088DAADA002FCFD4 /* Deployment */,
				69B8D0F0088DAADA002FCFD4 /* Default */,
			);
			defaultConfigurationIsVisible = 0;
			defaultConfigurationName = Default;
		};
/* End XCConfigurationList section */
	};
	rootObject = 29B97313FDCFA39411CA2CEA /* Project object */;
}
